# @generated by Move, please check-in and do not edit manually.

[move]
version = 3
manifest_digest = "DDF5C22A31A376DAC369F2E551AB4AEE16AE44149D92156CCC138199D76B1656"
deps_digest = "F8BBB0CCB2491CA29A3DF03D6F92277A4F3574266507ACD77214D37ECA3F3082"
dependencies = [
  { id = "Iota", name = "Iota" },
]

[[move.package]]
id = "Iota"
source = { git = "https://github.com/iotaledger/iota.git", rev = "framework/testnet", subdir = "crates/iota-framework/packages/iota-framework" }

dependencies = [
  { id = "MoveStdlib", name = "MoveStdlib" },
]

[[move.package]]
id = "MoveStdlib"
source = { git = "https://github.com/iotaledger/iota.git", rev = "framework/testnet", subdir = "crates/iota-framework/packages/move-stdlib" }

[move.toolchain-version]
compiler-version = "1.17.1-rc"
edition = "2024"
flavor = "iota"

[env]

[env.testnet]
chain-id = "2304aa97"
original-published-id = "0x52dc15a413fdc6574c433d98440e3d83a3be430f6ddcff73df192d2cbe175e43"
latest-published-id = "0x52dc15a413fdc6574c433d98440e3d83a3be430f6ddcff73df192d2cbe175e43"
published-version = "1"
